{
    "name": "finnegan",
    "version": "0.1.0",
    "lockfileVersion": 1,
    "requires": true,
    "dependencies": {
        "@types/node": {
            "version": "14.14.37",
            "resolved": "https://registry.npmjs.org/@types/node/-/node-14.14.37.tgz",
            "integrity": "sha512-XYmBiy+ohOR4Lh5jE379fV2IU+6Jn4g5qASinhitfyO71b/sCo6MKsMLF5tc7Zf2CE8hViVQyYSobJNke8OvUw==",
            "dev": true
        },
        "@types/readline-sync": {
            "version": "1.4.3",
            "resolved": "https://registry.npmjs.org/@types/readline-sync/-/readline-sync-1.4.3.tgz",
            "integrity": "sha512-YP9NVli96E+qQLAF2db+VjnAUEeZcFVg4YnMgr8kpDUFwQBnj31rPLOVHmazbKQhaIkJ9cMHsZhpKdzUeL0KTg=="
        },
        "esbuild": {
            "version": "0.8.57",
            "resolved": "https://registry.npmjs.org/esbuild/-/esbuild-0.8.57.tgz",
            "integrity": "sha512-j02SFrUwFTRUqiY0Kjplwjm1psuzO1d6AjaXKuOR9hrY0HuPsT6sV42B6myW34h1q4CRy+Y3g4RU/cGJeI/nNA==",
            "dev": true
        }
    }
}
